// !$*UTF8*$!
{
	archiveVersion = 1;
	classes = {
	};
	objectVersion = 46;
	objects = {

/* Begin PBXBuildFile section */
		F81AE3051EFC09AF006D9983 /* ELJSONNetworkOperation.h in Headers */ = {isa = PBXBuildFile; fileRef = F81AE2F31EFC09AF006D9983 /* ELJSONNetworkOperation.h */; };
		F81AE3061EFC09AF006D9983 /* ELJSONNetworkOperation.m in Sources */ = {isa = PBXBuildFile; fileRef = F81AE2F41EFC09AF006D9983 /* ELJSONNetworkOperation.m */; };
		F81AE3071EFC09AF006D9983 /* ELNetworkOperation_private.h in Headers */ = {isa = PBXBuildFile; fileRef = F81AE2F51EFC09AF006D9983 /* ELNetworkOperation_private.h */; };
		F81AE3081EFC09AF006D9983 /* ELNetworkOperation.h in Headers */ = {isa = PBXBuildFile; fileRef = F81AE2F61EFC09AF006D9983 /* ELNetworkOperation.h */; settings = {ATTRIBUTES = (Public, ); }; };
		F81AE3091EFC09AF006D9983 /* ELNetworkOperation.m in Sources */ = {isa = PBXBuildFile; fileRef = F81AE2F71EFC09AF006D9983 /* ELNetworkOperation.m */; };
		F81AE30A1EFC09AF006D9983 /* ELDevice.h in Headers */ = {isa = PBXBuildFile; fileRef = F81AE2F81EFC09AF006D9983 /* ELDevice.h */; settings = {ATTRIBUTES = (Public, ); }; };
		F81AE30B1EFC09AF006D9983 /* ELDevice.m in Sources */ = {isa = PBXBuildFile; fileRef = F81AE2F91EFC09AF006D9983 /* ELDevice.m */; };
		F81AE30C1EFC09AF006D9983 /* ELRecord.h in Headers */ = {isa = PBXBuildFile; fileRef = F81AE2FA1EFC09AF006D9983 /* ELRecord.h */; settings = {ATTRIBUTES = (Public, ); }; };
		F81AE30D1EFC09AF006D9983 /* ELRecord.m in Sources */ = {isa = PBXBuildFile; fileRef = F81AE2FB1EFC09AF006D9983 /* ELRecord.m */; };
		F81AE30E1EFC09AF006D9983 /* ELRecordProperties.h in Headers */ = {isa = PBXBuildFile; fileRef = F81AE2FC1EFC09AF006D9983 /* ELRecordProperties.h */; settings = {ATTRIBUTES = (Public, ); }; };
		F81AE30F1EFC09AF006D9983 /* ELRecordProperties.m in Sources */ = {isa = PBXBuildFile; fileRef = F81AE2FD1EFC09AF006D9983 /* ELRecordProperties.m */; };
		F81AE3101EFC09AF006D9983 /* ELRecordProtocol.h in Headers */ = {isa = PBXBuildFile; fileRef = F81AE2FE1EFC09AF006D9983 /* ELRecordProtocol.h */; settings = {ATTRIBUTES = (Public, ); }; };
		F81AE3111EFC09AF006D9983 /* ELServer.h in Headers */ = {isa = PBXBuildFile; fileRef = F81AE2FF1EFC09AF006D9983 /* ELServer.h */; settings = {ATTRIBUTES = (Public, ); }; };
		F81AE3121EFC09AF006D9983 /* ELServer.m in Sources */ = {isa = PBXBuildFile; fileRef = F81AE3001EFC09AF006D9983 /* ELServer.m */; };
		F81AE3131EFC09AF006D9983 /* ELUser.h in Headers */ = {isa = PBXBuildFile; fileRef = F81AE3011EFC09AF006D9983 /* ELUser.h */; settings = {ATTRIBUTES = (Public, ); }; };
		F81AE3141EFC09AF006D9983 /* ELUser.m in Sources */ = {isa = PBXBuildFile; fileRef = F81AE3021EFC09AF006D9983 /* ELUser.m */; };
		F81AE3151EFC09AF006D9983 /* ELWebServiceConnector.h in Headers */ = {isa = PBXBuildFile; fileRef = F81AE3031EFC09AF006D9983 /* ELWebServiceConnector.h */; settings = {ATTRIBUTES = (Public, ); }; };
		F81AE3161EFC09AF006D9983 /* ELWebServiceConnector.m in Sources */ = {isa = PBXBuildFile; fileRef = F81AE3041EFC09AF006D9983 /* ELWebServiceConnector.m */; };
		F81AE34C1EFC198F006D9983 /* SocketRocket.framework in Copy Frameworks */ = {isa = PBXBuildFile; fileRef = F81AE3431EFC1963006D9983 /* SocketRocket.framework */; settings = {ATTRIBUTES = (CodeSignOnCopy, RemoveHeadersOnCopy, ); }; };
		F848227C1EF5B20700E6A518 /* ELCachingDBProtocol.h in Headers */ = {isa = PBXBuildFile; fileRef = F848227B1EF5B20700E6A518 /* ELCachingDBProtocol.h */; settings = {ATTRIBUTES = (Public, ); }; };
		F86795AC1EF5AE3D008FDC1B /* elctl in Copy Executables */ = {isa = PBXBuildFile; fileRef = F86795A21EF5A8D9008FDC1B /* elctl */; settings = {ATTRIBUTES = (CodeSignOnCopy, ); }; };
		F87C58A71EFA4A7D00D791BD /* ELToolbox.h in Headers */ = {isa = PBXBuildFile; fileRef = F87C58A51EFA4A7D00D791BD /* ELToolbox.h */; settings = {ATTRIBUTES = (Public, ); }; };
		F87C58A81EFA4A7D00D791BD /* ELToolbox.m in Sources */ = {isa = PBXBuildFile; fileRef = F87C58A61EFA4A7D00D791BD /* ELToolbox.m */; };
		F87E22581EE8AC0F00CB14A0 /* EasyLogin.h in Headers */ = {isa = PBXBuildFile; fileRef = F87E22561EE8AC0F00CB14A0 /* EasyLogin.h */; settings = {ATTRIBUTES = (Public, ); }; };
		F87E22601EE920B500CB14A0 /* ELCachingDBProxy.h in Headers */ = {isa = PBXBuildFile; fileRef = F87E225E1EE920B500CB14A0 /* ELCachingDBProxy.h */; settings = {ATTRIBUTES = (Public, ); }; };
		F87E22651EE9214600CB14A0 /* ELCachingDBProxy.m in Sources */ = {isa = PBXBuildFile; fileRef = F87E22641EE9214600CB14A0 /* ELCachingDBProxy.m */; };
		F87E226D1EE926DE00CB14A0 /* EasyLoginDB.xpc in Copy XPC Services */ = {isa = PBXBuildFile; fileRef = F87E226C1EE926D600CB14A0 /* EasyLoginDB.xpc */; settings = {ATTRIBUTES = (RemoveHeadersOnCopy, ); }; };
		F8DDF2F01EF59FFD00388CF5 /* ELAsyncBlockToManageAsOperation.h in Headers */ = {isa = PBXBuildFile; fileRef = F8DDF2EE1EF59FFD00388CF5 /* ELAsyncBlockToManageAsOperation.h */; settings = {ATTRIBUTES = (Public, ); }; };
		F8DDF2F11EF59FFD00388CF5 /* ELAsyncBlockToManageAsOperation.m in Sources */ = {isa = PBXBuildFile; fileRef = F8DDF2EF1EF59FFD00388CF5 /* ELAsyncBlockToManageAsOperation.m */; };
/* End PBXBuildFile section */

/* Begin PBXContainerItemProxy section */
		F81AE33E1EFC1963006D9983 /* PBXContainerItemProxy */ = {
			isa = PBXContainerItemProxy;
			containerPortal = F81AE3351EFC1963006D9983 /* SocketRocket.xcodeproj */;
			proxyType = 2;
			remoteGlobalIDString = 81D6478D1D2CA78800690609;
			remoteInfo = "SocketRocket-iOS";
		};
		F81AE3401EFC1963006D9983 /* PBXContainerItemProxy */ = {
			isa = PBXContainerItemProxy;
			containerPortal = F81AE3351EFC1963006D9983 /* SocketRocket.xcodeproj */;
			proxyType = 2;
			remoteGlobalIDString = 2D4227621BB4358C000C1A6C;
			remoteInfo = "SocketRocket-iOS-Dynamic";
		};
		F81AE3421EFC1963006D9983 /* PBXContainerItemProxy */ = {
			isa = PBXContainerItemProxy;
			containerPortal = F81AE3351EFC1963006D9983 /* SocketRocket.xcodeproj */;
			proxyType = 2;
			remoteGlobalIDString = F668C880153E91210044DBAC;
			remoteInfo = "SocketRocket-macOS";
		};
		F81AE3441EFC1963006D9983 /* PBXContainerItemProxy */ = {
			isa = PBXContainerItemProxy;
			containerPortal = F81AE3351EFC1963006D9983 /* SocketRocket.xcodeproj */;
			proxyType = 2;
			remoteGlobalIDString = 3345DC901C52ACD70083CCB8;
			remoteInfo = "SocketRocket-tvOS";
		};
		F81AE3461EFC1963006D9983 /* PBXContainerItemProxy */ = {
			isa = PBXContainerItemProxy;
			containerPortal = F81AE3351EFC1963006D9983 /* SocketRocket.xcodeproj */;
			proxyType = 2;
			remoteGlobalIDString = F6BDA802145900D200FE3253;
			remoteInfo = "SocketRocketTests-iOS";
		};
		F81AE3481EFC1963006D9983 /* PBXContainerItemProxy */ = {
			isa = PBXContainerItemProxy;
			containerPortal = F81AE3351EFC1963006D9983 /* SocketRocket.xcodeproj */;
			proxyType = 2;
			remoteGlobalIDString = F62417E314D52F3C003CE997;
			remoteInfo = TestChat;
		};
		F81AE34E1EFC199B006D9983 /* PBXContainerItemProxy */ = {
			isa = PBXContainerItemProxy;
			containerPortal = F81AE3351EFC1963006D9983 /* SocketRocket.xcodeproj */;
			proxyType = 1;
			remoteGlobalIDString = F668C87F153E91210044DBAC;
			remoteInfo = "SocketRocket-macOS";
		};
		F86795A11EF5A8D9008FDC1B /* PBXContainerItemProxy */ = {
			isa = PBXContainerItemProxy;
			containerPortal = F867959D1EF5A8D8008FDC1B /* elctl.xcodeproj */;
			proxyType = 2;
			remoteGlobalIDString = F86795931EF5A8D8008FDC1B;
			remoteInfo = elctl;
		};
		F86795A91EF5AE29008FDC1B /* PBXContainerItemProxy */ = {
			isa = PBXContainerItemProxy;
			containerPortal = F867959D1EF5A8D8008FDC1B /* elctl.xcodeproj */;
			proxyType = 1;
			remoteGlobalIDString = F86795921EF5A8D8008FDC1B;
			remoteInfo = elctl;
		};
		F87E226B1EE926D600CB14A0 /* PBXContainerItemProxy */ = {
			isa = PBXContainerItemProxy;
			containerPortal = F87E22671EE926D600CB14A0 /* EasyLoginDB.xcodeproj */;
			proxyType = 2;
			remoteGlobalIDString = F87E22381EE8760A00CB14A0;
			remoteInfo = EasyLoginDB;
		};
		F87E226E1EE926E700CB14A0 /* PBXContainerItemProxy */ = {
			isa = PBXContainerItemProxy;
			containerPortal = F87E22671EE926D600CB14A0 /* EasyLoginDB.xcodeproj */;
			proxyType = 1;
			remoteGlobalIDString = F87E22371EE8760A00CB14A0;
			remoteInfo = EasyLoginDB;
		};
/* End PBXContainerItemProxy section */

/* Begin PBXCopyFilesBuildPhase section */
		F81AE32E1EFC16E4006D9983 /* Copy Frameworks */ = {
			isa = PBXCopyFilesBuildPhase;
			buildActionMask = 2147483647;
			dstPath = "";
			dstSubfolderSpec = 10;
			files = (
				F81AE34C1EFC198F006D9983 /* SocketRocket.framework in Copy Frameworks */,
			);
			name = "Copy Frameworks";
			runOnlyForDeploymentPostprocessing = 0;
		};
		F86795AB1EF5AE34008FDC1B /* Copy Executables */ = {
			isa = PBXCopyFilesBuildPhase;
			buildActionMask = 2147483647;
			dstPath = "";
			dstSubfolderSpec = 7;
			files = (
				F86795AC1EF5AE3D008FDC1B /* elctl in Copy Executables */,
			);
			name = "Copy Executables";
			runOnlyForDeploymentPostprocessing = 0;
		};
		F87E22661EE926A700CB14A0 /* Copy XPC Services */ = {
			isa = PBXCopyFilesBuildPhase;
			buildActionMask = 2147483647;
			dstPath = "$(CONTENTS_FOLDER_PATH)/XPCServices";
			dstSubfolderSpec = 16;
			files = (
				F87E226D1EE926DE00CB14A0 /* EasyLoginDB.xpc in Copy XPC Services */,
			);
			name = "Copy XPC Services";
			runOnlyForDeploymentPostprocessing = 0;
		};
/* End PBXCopyFilesBuildPhase section */

/* Begin PBXFileReference section */
		F81AE2F31EFC09AF006D9983 /* ELJSONNetworkOperation.h */ = {isa = PBXFileReference; fileEncoding = 4; lastKnownFileType = sourcecode.c.h; path = ELJSONNetworkOperation.h; sourceTree = "<group>"; };
		F81AE2F41EFC09AF006D9983 /* ELJSONNetworkOperation.m */ = {isa = PBXFileReference; fileEncoding = 4; lastKnownFileType = sourcecode.c.objc; path = ELJSONNetworkOperation.m; sourceTree = "<group>"; };
		F81AE2F51EFC09AF006D9983 /* ELNetworkOperation_private.h */ = {isa = PBXFileReference; fileEncoding = 4; lastKnownFileType = sourcecode.c.h; path = ELNetworkOperation_private.h; sourceTree = "<group>"; };
		F81AE2F61EFC09AF006D9983 /* ELNetworkOperation.h */ = {isa = PBXFileReference; fileEncoding = 4; lastKnownFileType = sourcecode.c.h; path = ELNetworkOperation.h; sourceTree = "<group>"; };
		F81AE2F71EFC09AF006D9983 /* ELNetworkOperation.m */ = {isa = PBXFileReference; fileEncoding = 4; lastKnownFileType = sourcecode.c.objc; path = ELNetworkOperation.m; sourceTree = "<group>"; };
		F81AE2F81EFC09AF006D9983 /* ELDevice.h */ = {isa = PBXFileReference; fileEncoding = 4; lastKnownFileType = sourcecode.c.h; path = ELDevice.h; sourceTree = "<group>"; };
		F81AE2F91EFC09AF006D9983 /* ELDevice.m */ = {isa = PBXFileReference; fileEncoding = 4; lastKnownFileType = sourcecode.c.objc; path = ELDevice.m; sourceTree = "<group>"; };
		F81AE2FA1EFC09AF006D9983 /* ELRecord.h */ = {isa = PBXFileReference; fileEncoding = 4; lastKnownFileType = sourcecode.c.h; path = ELRecord.h; sourceTree = "<group>"; };
		F81AE2FB1EFC09AF006D9983 /* ELRecord.m */ = {isa = PBXFileReference; fileEncoding = 4; lastKnownFileType = sourcecode.c.objc; path = ELRecord.m; sourceTree = "<group>"; };
		F81AE2FC1EFC09AF006D9983 /* ELRecordProperties.h */ = {isa = PBXFileReference; fileEncoding = 4; lastKnownFileType = sourcecode.c.h; path = ELRecordProperties.h; sourceTree = "<group>"; };
		F81AE2FD1EFC09AF006D9983 /* ELRecordProperties.m */ = {isa = PBXFileReference; fileEncoding = 4; lastKnownFileType = sourcecode.c.objc; path = ELRecordProperties.m; sourceTree = "<group>"; };
		F81AE2FE1EFC09AF006D9983 /* ELRecordProtocol.h */ = {isa = PBXFileReference; fileEncoding = 4; lastKnownFileType = sourcecode.c.h; path = ELRecordProtocol.h; sourceTree = "<group>"; };
		F81AE2FF1EFC09AF006D9983 /* ELServer.h */ = {isa = PBXFileReference; fileEncoding = 4; lastKnownFileType = sourcecode.c.h; path = ELServer.h; sourceTree = "<group>"; };
		F81AE3001EFC09AF006D9983 /* ELServer.m */ = {isa = PBXFileReference; fileEncoding = 4; lastKnownFileType = sourcecode.c.objc; path = ELServer.m; sourceTree = "<group>"; };
		F81AE3011EFC09AF006D9983 /* ELUser.h */ = {isa = PBXFileReference; fileEncoding = 4; lastKnownFileType = sourcecode.c.h; path = ELUser.h; sourceTree = "<group>"; };
		F81AE3021EFC09AF006D9983 /* ELUser.m */ = {isa = PBXFileReference; fileEncoding = 4; lastKnownFileType = sourcecode.c.objc; path = ELUser.m; sourceTree = "<group>"; };
		F81AE3031EFC09AF006D9983 /* ELWebServiceConnector.h */ = {isa = PBXFileReference; fileEncoding = 4; lastKnownFileType = sourcecode.c.h; path = ELWebServiceConnector.h; sourceTree = "<group>"; };
		F81AE3041EFC09AF006D9983 /* ELWebServiceConnector.m */ = {isa = PBXFileReference; fileEncoding = 4; lastKnownFileType = sourcecode.c.objc; path = ELWebServiceConnector.m; sourceTree = "<group>"; };
		F81AE3351EFC1963006D9983 /* SocketRocket.xcodeproj */ = {isa = PBXFileReference; lastKnownFileType = "wrapper.pb-project"; name = SocketRocket.xcodeproj; path = ../Vendors/SocketRocket/SocketRocket.xcodeproj; sourceTree = "<group>"; };
		F848227B1EF5B20700E6A518 /* ELCachingDBProtocol.h */ = {isa = PBXFileReference; fileEncoding = 4; lastKnownFileType = sourcecode.c.h; name = ELCachingDBProtocol.h; path = ../../EasyLoginDB/EasyLoginDB/ELCachingDBProtocol.h; sourceTree = "<group>"; };
		F867959D1EF5A8D8008FDC1B /* elctl.xcodeproj */ = {isa = PBXFileReference; lastKnownFileType = "wrapper.pb-project"; name = elctl.xcodeproj; path = ../elctl/elctl.xcodeproj; sourceTree = "<group>"; };
		F87C58A51EFA4A7D00D791BD /* ELToolbox.h */ = {isa = PBXFileReference; fileEncoding = 4; lastKnownFileType = sourcecode.c.h; path = ELToolbox.h; sourceTree = "<group>"; };
		F87C58A61EFA4A7D00D791BD /* ELToolbox.m */ = {isa = PBXFileReference; fileEncoding = 4; lastKnownFileType = sourcecode.c.objc; path = ELToolbox.m; sourceTree = "<group>"; };
		F87E22531EE8AC0F00CB14A0 /* EasyLogin.framework */ = {isa = PBXFileReference; explicitFileType = wrapper.framework; includeInIndex = 0; path = EasyLogin.framework; sourceTree = BUILT_PRODUCTS_DIR; };
		F87E22561EE8AC0F00CB14A0 /* EasyLogin.h */ = {isa = PBXFileReference; lastKnownFileType = sourcecode.c.h; path = EasyLogin.h; sourceTree = "<group>"; };
		F87E22571EE8AC0F00CB14A0 /* Info.plist */ = {isa = PBXFileReference; lastKnownFileType = text.plist.xml; path = Info.plist; sourceTree = "<group>"; };
		F87E225E1EE920B500CB14A0 /* ELCachingDBProxy.h */ = {isa = PBXFileReference; fileEncoding = 4; lastKnownFileType = sourcecode.c.h; path = ELCachingDBProxy.h; sourceTree = "<group>"; };
		F87E22641EE9214600CB14A0 /* ELCachingDBProxy.m */ = {isa = PBXFileReference; fileEncoding = 4; lastKnownFileType = sourcecode.c.objc; path = ELCachingDBProxy.m; sourceTree = "<group>"; };
		F87E22671EE926D600CB14A0 /* EasyLoginDB.xcodeproj */ = {isa = PBXFileReference; lastKnownFileType = "wrapper.pb-project"; name = EasyLoginDB.xcodeproj; path = ../EasyLoginDB/EasyLoginDB.xcodeproj; sourceTree = "<group>"; };
		F8DDF2EE1EF59FFD00388CF5 /* ELAsyncBlockToManageAsOperation.h */ = {isa = PBXFileReference; fileEncoding = 4; lastKnownFileType = sourcecode.c.h; path = ELAsyncBlockToManageAsOperation.h; sourceTree = "<group>"; };
		F8DDF2EF1EF59FFD00388CF5 /* ELAsyncBlockToManageAsOperation.m */ = {isa = PBXFileReference; fileEncoding = 4; lastKnownFileType = sourcecode.c.objc; path = ELAsyncBlockToManageAsOperation.m; sourceTree = "<group>"; };
/* End PBXFileReference section */

/* Begin PBXFrameworksBuildPhase section */
		F87E224F1EE8AC0F00CB14A0 /* Frameworks */ = {
			isa = PBXFrameworksBuildPhase;
			buildActionMask = 2147483647;
			files = (
			);
			runOnlyForDeploymentPostprocessing = 0;
		};
/* End PBXFrameworksBuildPhase section */

/* Begin PBXGroup section */
		F81AE2F01EFC098B006D9983 /* Tools */ = {
			isa = PBXGroup;
			children = (
				F8DDF2EE1EF59FFD00388CF5 /* ELAsyncBlockToManageAsOperation.h */,
				F8DDF2EF1EF59FFD00388CF5 /* ELAsyncBlockToManageAsOperation.m */,
				F87C58A51EFA4A7D00D791BD /* ELToolbox.h */,
				F87C58A61EFA4A7D00D791BD /* ELToolbox.m */,
			);
			name = Tools;
			sourceTree = "<group>";
		};
		F81AE2F11EFC0996006D9983 /* CachingDB */ = {
			isa = PBXGroup;
			children = (
				F848227B1EF5B20700E6A518 /* ELCachingDBProtocol.h */,
				F87E225E1EE920B500CB14A0 /* ELCachingDBProxy.h */,
				F87E22641EE9214600CB14A0 /* ELCachingDBProxy.m */,
			);
			name = CachingDB;
			sourceTree = "<group>";
		};
		F81AE2F21EFC09A1006D9983 /* Network */ = {
			isa = PBXGroup;
			children = (
				F81AE3171EFC0A14006D9983 /* Core */,
				F81AE2FF1EFC09AF006D9983 /* ELServer.h */,
				F81AE3001EFC09AF006D9983 /* ELServer.m */,
				F81AE2FC1EFC09AF006D9983 /* ELRecordProperties.h */,
				F81AE2FD1EFC09AF006D9983 /* ELRecordProperties.m */,
				F81AE2FE1EFC09AF006D9983 /* ELRecordProtocol.h */,
				F81AE2FA1EFC09AF006D9983 /* ELRecord.h */,
				F81AE2FB1EFC09AF006D9983 /* ELRecord.m */,
				F81AE2F81EFC09AF006D9983 /* ELDevice.h */,
				F81AE2F91EFC09AF006D9983 /* ELDevice.m */,
				F81AE3011EFC09AF006D9983 /* ELUser.h */,
				F81AE3021EFC09AF006D9983 /* ELUser.m */,
				F81AE3031EFC09AF006D9983 /* ELWebServiceConnector.h */,
				F81AE3041EFC09AF006D9983 /* ELWebServiceConnector.m */,
			);
			name = Network;
			sourceTree = "<group>";
		};
		F81AE3171EFC0A14006D9983 /* Core */ = {
			isa = PBXGroup;
			children = (
				F81AE2F31EFC09AF006D9983 /* ELJSONNetworkOperation.h */,
				F81AE2F41EFC09AF006D9983 /* ELJSONNetworkOperation.m */,
				F81AE2F51EFC09AF006D9983 /* ELNetworkOperation_private.h */,
				F81AE2F61EFC09AF006D9983 /* ELNetworkOperation.h */,
				F81AE2F71EFC09AF006D9983 /* ELNetworkOperation.m */,
			);
			name = Core;
			sourceTree = "<group>";
		};
		F81AE3181EFC16C8006D9983 /* Vendors */ = {
			isa = PBXGroup;
			children = (
				F81AE3351EFC1963006D9983 /* SocketRocket.xcodeproj */,
			);
			name = Vendors;
			sourceTree = "<group>";
		};
		F81AE3361EFC1963006D9983 /* Products */ = {
			isa = PBXGroup;
			children = (
				F81AE33F1EFC1963006D9983 /* SocketRocket.framework */,
				F81AE3411EFC1963006D9983 /* SocketRocket.framework */,
				F81AE3431EFC1963006D9983 /* SocketRocket.framework */,
				F81AE3451EFC1963006D9983 /* SocketRocket.framework */,
				F81AE3471EFC1963006D9983 /* SocketRocketTests-iOS.xctest */,
				F81AE3491EFC1963006D9983 /* TestChat.app */,
			);
			name = Products;
			sourceTree = "<group>";
		};
		F867959E1EF5A8D8008FDC1B /* Products */ = {
			isa = PBXGroup;
			children = (
				F86795A21EF5A8D9008FDC1B /* elctl */,
			);
			name = Products;
			sourceTree = "<group>";
		};
		F87E22491EE8AC0E00CB14A0 = {
			isa = PBXGroup;
			children = (
				F81AE3181EFC16C8006D9983 /* Vendors */,
				F867959D1EF5A8D8008FDC1B /* elctl.xcodeproj */,
				F87E22671EE926D600CB14A0 /* EasyLoginDB.xcodeproj */,
				F87E22551EE8AC0F00CB14A0 /* EasyLogin */,
				F87E22541EE8AC0F00CB14A0 /* Products */,
			);
			sourceTree = "<group>";
		};
		F87E22541EE8AC0F00CB14A0 /* Products */ = {
			isa = PBXGroup;
			children = (
				F87E22531EE8AC0F00CB14A0 /* EasyLogin.framework */,
			);
			name = Products;
			sourceTree = "<group>";
		};
		F87E22551EE8AC0F00CB14A0 /* EasyLogin */ = {
			isa = PBXGroup;
			children = (
				F87E22561EE8AC0F00CB14A0 /* EasyLogin.h */,
				F81AE2F21EFC09A1006D9983 /* Network */,
				F81AE2F11EFC0996006D9983 /* CachingDB */,
				F81AE2F01EFC098B006D9983 /* Tools */,
				F87E22571EE8AC0F00CB14A0 /* Info.plist */,
			);
			path = EasyLogin;
			sourceTree = "<group>";
		};
		F87E22681EE926D600CB14A0 /* Products */ = {
			isa = PBXGroup;
			children = (
				F87E226C1EE926D600CB14A0 /* EasyLoginDB.xpc */,
			);
			name = Products;
			sourceTree = "<group>";
		};
/* End PBXGroup section */

/* Begin PBXHeadersBuildPhase section */
		F87E22501EE8AC0F00CB14A0 /* Headers */ = {
			isa = PBXHeadersBuildPhase;
			buildActionMask = 2147483647;
			files = (
				F87E22581EE8AC0F00CB14A0 /* EasyLogin.h in Headers */,
				F848227C1EF5B20700E6A518 /* ELCachingDBProtocol.h in Headers */,
				F81AE3151EFC09AF006D9983 /* ELWebServiceConnector.h in Headers */,
				F81AE30C1EFC09AF006D9983 /* ELRecord.h in Headers */,
				F87C58A71EFA4A7D00D791BD /* ELToolbox.h in Headers */,
				F81AE3131EFC09AF006D9983 /* ELUser.h in Headers */,
				F87E22601EE920B500CB14A0 /* ELCachingDBProxy.h in Headers */,
				F81AE30E1EFC09AF006D9983 /* ELRecordProperties.h in Headers */,
				F81AE3101EFC09AF006D9983 /* ELRecordProtocol.h in Headers */,
				F8DDF2F01EF59FFD00388CF5 /* ELAsyncBlockToManageAsOperation.h in Headers */,
				F81AE3051EFC09AF006D9983 /* ELJSONNetworkOperation.h in Headers */,
				F81AE3071EFC09AF006D9983 /* ELNetworkOperation_private.h in Headers */,
				F81AE3081EFC09AF006D9983 /* ELNetworkOperation.h in Headers */,
				F81AE3111EFC09AF006D9983 /* ELServer.h in Headers */,
				F81AE30A1EFC09AF006D9983 /* ELDevice.h in Headers */,
			);
			runOnlyForDeploymentPostprocessing = 0;
		};
/* End PBXHeadersBuildPhase section */

/* Begin PBXNativeTarget section */
		F87E22521EE8AC0F00CB14A0 /* EasyLogin */ = {
			isa = PBXNativeTarget;
			buildConfigurationList = F87E225B1EE8AC0F00CB14A0 /* Build configuration list for PBXNativeTarget "EasyLogin" */;
			buildPhases = (
				F87E224E1EE8AC0F00CB14A0 /* Sources */,
				F87E224F1EE8AC0F00CB14A0 /* Frameworks */,
				F87E22501EE8AC0F00CB14A0 /* Headers */,
				F87E22511EE8AC0F00CB14A0 /* Resources */,
				F87E22661EE926A700CB14A0 /* Copy XPC Services */,
				F86795AB1EF5AE34008FDC1B /* Copy Executables */,
				F81AE32E1EFC16E4006D9983 /* Copy Frameworks */,
			);
			buildRules = (
			);
			dependencies = (
				F81AE34F1EFC199B006D9983 /* PBXTargetDependency */,
				F86795AA1EF5AE29008FDC1B /* PBXTargetDependency */,
				F87E226F1EE926E700CB14A0 /* PBXTargetDependency */,
			);
			name = EasyLogin;
			productName = EasyLogin;
			productReference = F87E22531EE8AC0F00CB14A0 /* EasyLogin.framework */;
			productType = "com.apple.product-type.framework";
		};
/* End PBXNativeTarget section */

/* Begin PBXProject section */
		F87E224A1EE8AC0E00CB14A0 /* Project object */ = {
			isa = PBXProject;
			attributes = {
				LastUpgradeCheck = 0830;
				ORGANIZATIONNAME = EasyLogin;
				TargetAttributes = {
					F87E22521EE8AC0F00CB14A0 = {
						CreatedOnToolsVersion = 8.3.2;
						DevelopmentTeam = JXHB9UP6QZ;
						ProvisioningStyle = Automatic;
					};
				};
			};
			buildConfigurationList = F87E224D1EE8AC0E00CB14A0 /* Build configuration list for PBXProject "EasyLoginFramework" */;
			compatibilityVersion = "Xcode 3.2";
			developmentRegion = English;
			hasScannedForEncodings = 0;
			knownRegions = (
				en,
			);
			mainGroup = F87E22491EE8AC0E00CB14A0;
			productRefGroup = F87E22541EE8AC0F00CB14A0 /* Products */;
			projectDirPath = "";
			projectReferences = (
				{
					ProductGroup = F87E22681EE926D600CB14A0 /* Products */;
					ProjectRef = F87E22671EE926D600CB14A0 /* EasyLoginDB.xcodeproj */;
				},
				{
					ProductGroup = F867959E1EF5A8D8008FDC1B /* Products */;
					ProjectRef = F867959D1EF5A8D8008FDC1B /* elctl.xcodeproj */;
				},
				{
					ProductGroup = F81AE3361EFC1963006D9983 /* Products */;
					ProjectRef = F81AE3351EFC1963006D9983 /* SocketRocket.xcodeproj */;
				},
			);
			projectRoot = "";
			targets = (
				F87E22521EE8AC0F00CB14A0 /* EasyLogin */,
			);
		};
/* End PBXProject section */

/* Begin PBXReferenceProxy section */
		F81AE33F1EFC1963006D9983 /* SocketRocket.framework */ = {
			isa = PBXReferenceProxy;
			fileType = wrapper.framework;
			path = SocketRocket.framework;
			remoteRef = F81AE33E1EFC1963006D9983 /* PBXContainerItemProxy */;
			sourceTree = BUILT_PRODUCTS_DIR;
		};
		F81AE3411EFC1963006D9983 /* SocketRocket.framework */ = {
			isa = PBXReferenceProxy;
			fileType = wrapper.framework;
			path = SocketRocket.framework;
			remoteRef = F81AE3401EFC1963006D9983 /* PBXContainerItemProxy */;
			sourceTree = BUILT_PRODUCTS_DIR;
		};
		F81AE3431EFC1963006D9983 /* SocketRocket.framework */ = {
			isa = PBXReferenceProxy;
			fileType = wrapper.framework;
			path = SocketRocket.framework;
			remoteRef = F81AE3421EFC1963006D9983 /* PBXContainerItemProxy */;
			sourceTree = BUILT_PRODUCTS_DIR;
		};
		F81AE3451EFC1963006D9983 /* SocketRocket.framework */ = {
			isa = PBXReferenceProxy;
			fileType = wrapper.framework;
			path = SocketRocket.framework;
			remoteRef = F81AE3441EFC1963006D9983 /* PBXContainerItemProxy */;
			sourceTree = BUILT_PRODUCTS_DIR;
		};
		F81AE3471EFC1963006D9983 /* SocketRocketTests-iOS.xctest */ = {
			isa = PBXReferenceProxy;
			fileType = wrapper.cfbundle;
			path = "SocketRocketTests-iOS.xctest";
			remoteRef = F81AE3461EFC1963006D9983 /* PBXContainerItemProxy */;
			sourceTree = BUILT_PRODUCTS_DIR;
		};
		F81AE3491EFC1963006D9983 /* TestChat.app */ = {
			isa = PBXReferenceProxy;
			fileType = wrapper.application;
			path = TestChat.app;
			remoteRef = F81AE3481EFC1963006D9983 /* PBXContainerItemProxy */;
			sourceTree = BUILT_PRODUCTS_DIR;
		};
		F86795A21EF5A8D9008FDC1B /* elctl */ = {
			isa = PBXReferenceProxy;
			fileType = "compiled.mach-o.executable";
			path = elctl;
			remoteRef = F86795A11EF5A8D9008FDC1B /* PBXContainerItemProxy */;
			sourceTree = BUILT_PRODUCTS_DIR;
		};
		F87E226C1EE926D600CB14A0 /* EasyLoginDB.xpc */ = {
			isa = PBXReferenceProxy;
			fileType = "wrapper.xpc-service";
			path = EasyLoginDB.xpc;
			remoteRef = F87E226B1EE926D600CB14A0 /* PBXContainerItemProxy */;
			sourceTree = BUILT_PRODUCTS_DIR;
		};
/* End PBXReferenceProxy section */

/* Begin PBXResourcesBuildPhase section */
		F87E22511EE8AC0F00CB14A0 /* Resources */ = {
			isa = PBXResourcesBuildPhase;
			buildActionMask = 2147483647;
			files = (
			);
			runOnlyForDeploymentPostprocessing = 0;
		};
/* End PBXResourcesBuildPhase section */

/* Begin PBXSourcesBuildPhase section */
		F87E224E1EE8AC0F00CB14A0 /* Sources */ = {
			isa = PBXSourcesBuildPhase;
			buildActionMask = 2147483647;
			files = (
				F81AE30B1EFC09AF006D9983 /* ELDevice.m in Sources */,
				F87C58A81EFA4A7D00D791BD /* ELToolbox.m in Sources */,
				F81AE30D1EFC09AF006D9983 /* ELRecord.m in Sources */,
				F87E22651EE9214600CB14A0 /* ELCachingDBProxy.m in Sources */,
				F81AE30F1EFC09AF006D9983 /* ELRecordProperties.m in Sources */,
				F81AE3061EFC09AF006D9983 /* ELJSONNetworkOperation.m in Sources */,
				F81AE3091EFC09AF006D9983 /* ELNetworkOperation.m in Sources */,
				F81AE3121EFC09AF006D9983 /* ELServer.m in Sources */,
				F81AE3161EFC09AF006D9983 /* ELWebServiceConnector.m in Sources */,
				F8DDF2F11EF59FFD00388CF5 /* ELAsyncBlockToManageAsOperation.m in Sources */,
				F81AE3141EFC09AF006D9983 /* ELUser.m in Sources */,
			);
			runOnlyForDeploymentPostprocessing = 0;
		};
/* End PBXSourcesBuildPhase section */

/* Begin PBXTargetDependency section */
		F81AE34F1EFC199B006D9983 /* PBXTargetDependency */ = {
			isa = PBXTargetDependency;
			name = "SocketRocket-macOS";
			targetProxy = F81AE34E1EFC199B006D9983 /* PBXContainerItemProxy */;
		};
		F86795AA1EF5AE29008FDC1B /* PBXTargetDependency */ = {
			isa = PBXTargetDependency;
			name = elctl;
			targetProxy = F86795A91EF5AE29008FDC1B /* PBXContainerItemProxy */;
		};
		F87E226F1EE926E700CB14A0 /* PBXTargetDependency */ = {
			isa = PBXTargetDependency;
			name = EasyLoginDB;
			targetProxy = F87E226E1EE926E700CB14A0 /* PBXContainerItemProxy */;
		};
/* End PBXTargetDependency section */

/* Begin XCBuildConfiguration section */
		F87E22591EE8AC0F00CB14A0 /* Debug */ = {
			isa = XCBuildConfiguration;
			buildSettings = {
				ALWAYS_SEARCH_USER_PATHS = NO;
				CLANG_ANALYZER_NONNULL = YES;
				CLANG_ANALYZER_NUMBER_OBJECT_CONVERSION = YES_AGGRESSIVE;
				CLANG_CXX_LANGUAGE_STANDARD = "gnu++0x";
				CLANG_CXX_LIBRARY = "libc++";
				CLANG_ENABLE_MODULES = YES;
				CLANG_ENABLE_OBJC_ARC = YES;
				CLANG_WARN_BOOL_CONVERSION = YES;
				CLANG_WARN_CONSTANT_CONVERSION = YES;
				CLANG_WARN_DIRECT_OBJC_ISA_USAGE = YES_ERROR;
				CLANG_WARN_DOCUMENTATION_COMMENTS = YES;
				CLANG_WARN_EMPTY_BODY = YES;
				CLANG_WARN_ENUM_CONVERSION = YES;
				CLANG_WARN_INFINITE_RECURSION = YES;
				CLANG_WARN_INT_CONVERSION = YES;
				CLANG_WARN_OBJC_ROOT_CLASS = YES_ERROR;
				CLANG_WARN_SUSPICIOUS_MOVE = YES;
				CLANG_WARN_UNREACHABLE_CODE = YES;
				CLANG_WARN__DUPLICATE_METHOD_MATCH = YES;
				CODE_SIGN_IDENTITY = "-";
				COPY_PHASE_STRIP = NO;
				CURRENT_PROJECT_VERSION = 1;
				DEBUG_INFORMATION_FORMAT = dwarf;
				ENABLE_STRICT_OBJC_MSGSEND = YES;
				ENABLE_TESTABILITY = YES;
				GCC_C_LANGUAGE_STANDARD = gnu99;
				GCC_DYNAMIC_NO_PIC = NO;
				GCC_NO_COMMON_BLOCKS = YES;
				GCC_OPTIMIZATION_LEVEL = 0;
				GCC_PREPROCESSOR_DEFINITIONS = (
					"DEBUG=1",
					"$(inherited)",
				);
				GCC_WARN_64_TO_32_BIT_CONVERSION = YES;
				GCC_WARN_ABOUT_RETURN_TYPE = YES_ERROR;
				GCC_WARN_UNDECLARED_SELECTOR = YES;
				GCC_WARN_UNINITIALIZED_AUTOS = YES_AGGRESSIVE;
				GCC_WARN_UNUSED_FUNCTION = YES;
				GCC_WARN_UNUSED_VARIABLE = YES;
				MACOSX_DEPLOYMENT_TARGET = 10.12;
				MTL_ENABLE_DEBUG_INFO = YES;
				ONLY_ACTIVE_ARCH = YES;
				SDKROOT = macosx;
				SWIFT_ACTIVE_COMPILATION_CONDITIONS = DEBUG;
				SWIFT_OPTIMIZATION_LEVEL = "-Onone";
				VERSIONING_SYSTEM = "apple-generic";
				VERSION_INFO_PREFIX = "";
			};
			name = Debug;
		};
		F87E225A1EE8AC0F00CB14A0 /* Release */ = {
			isa = XCBuildConfiguration;
			buildSettings = {
				ALWAYS_SEARCH_USER_PATHS = NO;
				CLANG_ANALYZER_NONNULL = YES;
				CLANG_ANALYZER_NUMBER_OBJECT_CONVERSION = YES_AGGRESSIVE;
				CLANG_CXX_LANGUAGE_STANDARD = "gnu++0x";
				CLANG_CXX_LIBRARY = "libc++";
				CLANG_ENABLE_MODULES = YES;
				CLANG_ENABLE_OBJC_ARC = YES;
				CLANG_WARN_BOOL_CONVERSION = YES;
				CLANG_WARN_CONSTANT_CONVERSION = YES;
				CLANG_WARN_DIRECT_OBJC_ISA_USAGE = YES_ERROR;
				CLANG_WARN_DOCUMENTATION_COMMENTS = YES;
				CLANG_WARN_EMPTY_BODY = YES;
				CLANG_WARN_ENUM_CONVERSION = YES;
				CLANG_WARN_INFINITE_RECURSION = YES;
				CLANG_WARN_INT_CONVERSION = YES;
				CLANG_WARN_OBJC_ROOT_CLASS = YES_ERROR;
				CLANG_WARN_SUSPICIOUS_MOVE = YES;
				CLANG_WARN_UNREACHABLE_CODE = YES;
				CLANG_WARN__DUPLICATE_METHOD_MATCH = YES;
				CODE_SIGN_IDENTITY = "-";
				COPY_PHASE_STRIP = NO;
				CURRENT_PROJECT_VERSION = 1;
				DEBUG_INFORMATION_FORMAT = "dwarf-with-dsym";
				ENABLE_NS_ASSERTIONS = NO;
				ENABLE_STRICT_OBJC_MSGSEND = YES;
				GCC_C_LANGUAGE_STANDARD = gnu99;
				GCC_NO_COMMON_BLOCKS = YES;
				GCC_WARN_64_TO_32_BIT_CONVERSION = YES;
				GCC_WARN_ABOUT_RETURN_TYPE = YES_ERROR;
				GCC_WARN_UNDECLARED_SELECTOR = YES;
				GCC_WARN_UNINITIALIZED_AUTOS = YES_AGGRESSIVE;
				GCC_WARN_UNUSED_FUNCTION = YES;
				GCC_WARN_UNUSED_VARIABLE = YES;
				MACOSX_DEPLOYMENT_TARGET = 10.12;
				MTL_ENABLE_DEBUG_INFO = NO;
				SDKROOT = macosx;
				SWIFT_OPTIMIZATION_LEVEL = "-Owholemodule";
				VERSIONING_SYSTEM = "apple-generic";
				VERSION_INFO_PREFIX = "";
			};
			name = Release;
		};
		F87E225C1EE8AC0F00CB14A0 /* Debug */ = {
			isa = XCBuildConfiguration;
			buildSettings = {
				CODE_SIGN_IDENTITY = "Mac Developer";
				COMBINE_HIDPI_IMAGES = YES;
				DEFINES_MODULE = YES;
				DEVELOPMENT_TEAM = JXHB9UP6QZ;
				DYLIB_COMPATIBILITY_VERSION = 1;
				DYLIB_CURRENT_VERSION = 1;
				DYLIB_INSTALL_NAME_BASE = "@rpath";
				FRAMEWORK_VERSION = A;
				INFOPLIST_FILE = EasyLogin/Info.plist;
				INSTALL_GROUP = wheel;
				INSTALL_OWNER = root;
				INSTALL_PATH = /Library/Frameworks;
				LD_RUNPATH_SEARCH_PATHS = /Library/Frameworks;
				MACOSX_DEPLOYMENT_TARGET = 10.9;
				PRODUCT_BUNDLE_IDENTIFIER = io.easylogin.EasyLogin;
				PRODUCT_NAME = "$(TARGET_NAME)";
			};
			name = Debug;
		};
		F87E225D1EE8AC0F00CB14A0 /* Release */ = {
			isa = XCBuildConfiguration;
			buildSettings = {
				CODE_SIGN_IDENTITY = "";
				COMBINE_HIDPI_IMAGES = YES;
				DEFINES_MODULE = YES;
				DEVELOPMENT_TEAM = JXHB9UP6QZ;
				DYLIB_COMPATIBILITY_VERSION = 1;
				DYLIB_CURRENT_VERSION = 1;
				DYLIB_INSTALL_NAME_BASE = "@rpath";
				FRAMEWORK_VERSION = A;
				INFOPLIST_FILE = EasyLogin/Info.plist;
				INSTALL_GROUP = wheel;
				INSTALL_OWNER = root;
				INSTALL_PATH = /Library/Frameworks;
				LD_RUNPATH_SEARCH_PATHS = /Library/Frameworks;
				MACOSX_DEPLOYMENT_TARGET = 10.9;
				PRODUCT_BUNDLE_IDENTIFIER = io.easylogin.EasyLogin;
				PRODUCT_NAME = "$(TARGET_NAME)";
			};
			name = Release;
		};
/* End XCBuildConfiguration section */

/* Begin XCConfigurationList section */
		F87E224D1EE8AC0E00CB14A0 /* Build configuration list for PBXProject "EasyLoginFramework" */ = {
			isa = XCConfigurationList;
			buildConfigurations = (
				F87E22591EE8AC0F00CB14A0 /* Debug */,
				F87E225A1EE8AC0F00CB14A0 /* Release */,
			);
			defaultConfigurationIsVisible = 0;
			defaultConfigurationName = Release;
		};
		F87E225B1EE8AC0F00CB14A0 /* Build configuration list for PBXNativeTarget "EasyLogin" */ = {
			isa = XCConfigurationList;
			buildConfigurations = (
				F87E225C1EE8AC0F00CB14A0 /* Debug */,
				F87E225D1EE8AC0F00CB14A0 /* Release */,
			);
			defaultConfigurationIsVisible = 0;
			defaultConfigurationName = Release;
		};
/* End XCConfigurationList section */
	};
	rootObject = F87E224A1EE8AC0E00CB14A0 /* Project object */;
}
