// !$*UTF8*$!
{
	archiveVersion = 1;
	classes = {
	};
	objectVersion = 46;
	objects = {

/* Begin PBXBuildFile section */
		F840C3291F01A15900FFADF8 /* EasyLogin.framework in Frameworks */ = {isa = PBXBuildFile; fileRef = F840C3281F01A15900FFADF8 /* EasyLogin.framework */; };
		F86795971EF5A8D8008FDC1B /* main.m in Sources */ = {isa = PBXBuildFile; fileRef = F86795961EF5A8D8008FDC1B /* main.m */; };
		F86795A81EF5A96C008FDC1B /* ControlCommand.m in Sources */ = {isa = PBXBuildFile; fileRef = F86795A71EF5A96C008FDC1B /* ControlCommand.m */; };
/* End PBXBuildFile section */

/* Begin PBXCopyFilesBuildPhase section */
		F86795911EF5A8D8008FDC1B /* CopyFiles */ = {
			isa = PBXCopyFilesBuildPhase;
			buildActionMask = 2147483647;
			dstPath = /usr/share/man/man1/;
			dstSubfolderSpec = 0;
			files = (
			);
			runOnlyForDeploymentPostprocessing = 1;
		};
/* End PBXCopyFilesBuildPhase section */

/* Begin PBXFileReference section */
		F840C3281F01A15900FFADF8 /* EasyLogin.framework */ = {isa = PBXFileReference; lastKnownFileType = wrapper.framework; name = EasyLogin.framework; path = ../../../../../../../Library/Frameworks/EasyLogin.framework; sourceTree = "<group>"; };
		F86795931EF5A8D8008FDC1B /* elctl */ = {isa = PBXFileReference; explicitFileType = "compiled.mach-o.executable"; includeInIndex = 0; path = elctl; sourceTree = BUILT_PRODUCTS_DIR; };
		F86795961EF5A8D8008FDC1B /* main.m */ = {isa = PBXFileReference; lastKnownFileType = sourcecode.c.objc; path = main.m; sourceTree = "<group>"; };
		F86795A61EF5A96C008FDC1B /* ControlCommand.h */ = {isa = PBXFileReference; fileEncoding = 4; lastKnownFileType = sourcecode.c.h; path = ControlCommand.h; sourceTree = "<group>"; };
		F86795A71EF5A96C008FDC1B /* ControlCommand.m */ = {isa = PBXFileReference; fileEncoding = 4; lastKnownFileType = sourcecode.c.objc; path = ControlCommand.m; sourceTree = "<group>"; };
		F8F159E91F0105B500DF65F1 /* EasyLogin.framework */ = {isa = PBXFileReference; lastKnownFileType = wrapper.framework; name = EasyLogin.framework; path = "../../../../../Library/Developer/Xcode/DerivedData/EasyLogin-grzpafyvcnswwpapplmatpdqqdah/Build/Products/Debug/EasyLogin.framework"; sourceTree = "<group>"; };
/* End PBXFileReference section */

/* Begin PBXFrameworksBuildPhase section */
		F86795901EF5A8D8008FDC1B /* Frameworks */ = {
			isa = PBXFrameworksBuildPhase;
			buildActionMask = 2147483647;
			files = (
				F840C3291F01A15900FFADF8 /* EasyLogin.framework in Frameworks */,
			);
			runOnlyForDeploymentPostprocessing = 0;
		};
/* End PBXFrameworksBuildPhase section */

/* Begin PBXGroup section */
		F867958A1EF5A8D8008FDC1B = {
			isa = PBXGroup;
			children = (
				F86795951EF5A8D8008FDC1B /* elctl */,
				F86795941EF5A8D8008FDC1B /* Products */,
				F8F159E81F0105B500DF65F1 /* Frameworks */,
			);
			sourceTree = "<group>";
		};
		F86795941EF5A8D8008FDC1B /* Products */ = {
			isa = PBXGroup;
			children = (
				F86795931EF5A8D8008FDC1B /* elctl */,
			);
			name = Products;
			sourceTree = "<group>";
		};
		F86795951EF5A8D8008FDC1B /* elctl */ = {
			isa = PBXGroup;
			children = (
				F86795961EF5A8D8008FDC1B /* main.m */,
				F86795A61EF5A96C008FDC1B /* ControlCommand.h */,
				F86795A71EF5A96C008FDC1B /* ControlCommand.m */,
			);
			path = elctl;
			sourceTree = "<group>";
		};
		F8F159E81F0105B500DF65F1 /* Frameworks */ = {
			isa = PBXGroup;
			children = (
				F840C3281F01A15900FFADF8 /* EasyLogin.framework */,
				F8F159E91F0105B500DF65F1 /* EasyLogin.framework */,
			);
			name = Frameworks;
			sourceTree = "<group>";
		};
/* End PBXGroup section */

/* Begin PBXNativeTarget section */
		F86795921EF5A8D8008FDC1B /* elctl */ = {
			isa = PBXNativeTarget;
			buildConfigurationList = F867959A1EF5A8D8008FDC1B /* Build configuration list for PBXNativeTarget "elctl" */;
			buildPhases = (
				F867958F1EF5A8D8008FDC1B /* Sources */,
				F86795901EF5A8D8008FDC1B /* Frameworks */,
				F86795911EF5A8D8008FDC1B /* CopyFiles */,
			);
			buildRules = (
			);
			dependencies = (
			);
			name = elctl;
			productName = elctl;
			productReference = F86795931EF5A8D8008FDC1B /* elctl */;
			productType = "com.apple.product-type.tool";
		};
/* End PBXNativeTarget section */

/* Begin PBXProject section */
		F867958B1EF5A8D8008FDC1B /* Project object */ = {
			isa = PBXProject;
			attributes = {
				LastUpgradeCheck = 0830;
				ORGANIZATIONNAME = EasyLogin;
				TargetAttributes = {
					F86795921EF5A8D8008FDC1B = {
						CreatedOnToolsVersion = 8.3.3;
						DevelopmentTeam = JXHB9UP6QZ;
						ProvisioningStyle = Automatic;
					};
				};
			};
			buildConfigurationList = F867958E1EF5A8D8008FDC1B /* Build configuration list for PBXProject "elctl" */;
			compatibilityVersion = "Xcode 3.2";
			developmentRegion = English;
			hasScannedForEncodings = 0;
			knownRegions = (
				en,
			);
			mainGroup = F867958A1EF5A8D8008FDC1B;
			productRefGroup = F86795941EF5A8D8008FDC1B /* Products */;
			projectDirPath = "";
			projectRoot = "";
			targets = (
				F86795921EF5A8D8008FDC1B /* elctl */,
			);
		};
/* End PBXProject section */

/* Begin PBXSourcesBuildPhase section */
		F867958F1EF5A8D8008FDC1B /* Sources */ = {
			isa = PBXSourcesBuildPhase;
			buildActionMask = 2147483647;
			files = (
				F86795971EF5A8D8008FDC1B /* main.m in Sources */,
				F86795A81EF5A96C008FDC1B /* ControlCommand.m in Sources */,
			);
			runOnlyForDeploymentPostprocessing = 0;
		};
/* End PBXSourcesBuildPhase section */

/* Begin XCBuildConfiguration section */
		F86795981EF5A8D8008FDC1B /* Debug */ = {
			isa = XCBuildConfiguration;
			buildSettings = {
				ALWAYS_SEARCH_USER_PATHS = NO;
				CLANG_ANALYZER_NONNULL = YES;
				CLANG_ANALYZER_NUMBER_OBJECT_CONVERSION = YES_AGGRESSIVE;
				CLANG_CXX_LANGUAGE_STANDARD = "gnu++0x";
				CLANG_CXX_LIBRARY = "libc++";
				CLANG_ENABLE_MODULES = YES;
				CLANG_ENABLE_OBJC_ARC = YES;
				CLANG_WARN_BOOL_CONVERSION = YES;
				CLANG_WARN_CONSTANT_CONVERSION = YES;
				CLANG_WARN_DIRECT_OBJC_ISA_USAGE = YES_ERROR;
				CLANG_WARN_DOCUMENTATION_COMMENTS = YES;
				CLANG_WARN_EMPTY_BODY = YES;
				CLANG_WARN_ENUM_CONVERSION = YES;
				CLANG_WARN_INFINITE_RECURSION = YES;
				CLANG_WARN_INT_CONVERSION = YES;
				CLANG_WARN_OBJC_ROOT_CLASS = YES_ERROR;
				CLANG_WARN_SUSPICIOUS_MOVE = YES;
				CLANG_WARN_UNREACHABLE_CODE = YES;
				CLANG_WARN__DUPLICATE_METHOD_MATCH = YES;
				CODE_SIGN_IDENTITY = "-";
				COPY_PHASE_STRIP = NO;
				DEBUG_INFORMATION_FORMAT = dwarf;
				ENABLE_STRICT_OBJC_MSGSEND = YES;
				ENABLE_TESTABILITY = YES;
				GCC_C_LANGUAGE_STANDARD = gnu99;
				GCC_DYNAMIC_NO_PIC = NO;
				GCC_NO_COMMON_BLOCKS = YES;
				GCC_OPTIMIZATION_LEVEL = 0;
				GCC_PREPROCESSOR_DEFINITIONS = (
					"DEBUG=1",
					"$(inherited)",
				);
				GCC_WARN_64_TO_32_BIT_CONVERSION = YES;
				GCC_WARN_ABOUT_RETURN_TYPE = YES_ERROR;
				GCC_WARN_UNDECLARED_SELECTOR = YES;
				GCC_WARN_UNINITIALIZED_AUTOS = YES_AGGRESSIVE;
				GCC_WARN_UNUSED_FUNCTION = YES;
				GCC_WARN_UNUSED_VARIABLE = YES;
				MACOSX_DEPLOYMENT_TARGET = 10.9;
				MTL_ENABLE_DEBUG_INFO = YES;
				ONLY_ACTIVE_ARCH = YES;
				SDKROOT = macosx;
			};
			name = Debug;
		};
		F86795991EF5A8D8008FDC1B /* Release */ = {
			isa = XCBuildConfiguration;
			buildSettings = {
				ALWAYS_SEARCH_USER_PATHS = NO;
				CLANG_ANALYZER_NONNULL = YES;
				CLANG_ANALYZER_NUMBER_OBJECT_CONVERSION = YES_AGGRESSIVE;
				CLANG_CXX_LANGUAGE_STANDARD = "gnu++0x";
				CLANG_CXX_LIBRARY = "libc++";
				CLANG_ENABLE_MODULES = YES;
				CLANG_ENABLE_OBJC_ARC = YES;
				CLANG_WARN_BOOL_CONVERSION = YES;
				CLANG_WARN_CONSTANT_CONVERSION = YES;
				CLANG_WARN_DIRECT_OBJC_ISA_USAGE = YES_ERROR;
				CLANG_WARN_DOCUMENTATION_COMMENTS = YES;
				CLANG_WARN_EMPTY_BODY = YES;
				CLANG_WARN_ENUM_CONVERSION = YES;
				CLANG_WARN_INFINITE_RECURSION = YES;
				CLANG_WARN_INT_CONVERSION = YES;
				CLANG_WARN_OBJC_ROOT_CLASS = YES_ERROR;
				CLANG_WARN_SUSPICIOUS_MOVE = YES;
				CLANG_WARN_UNREACHABLE_CODE = YES;
				CLANG_WARN__DUPLICATE_METHOD_MATCH = YES;
				CODE_SIGN_IDENTITY = "-";
				COPY_PHASE_STRIP = NO;
				DEBUG_INFORMATION_FORMAT = "dwarf-with-dsym";
				ENABLE_NS_ASSERTIONS = NO;
				ENABLE_STRICT_OBJC_MSGSEND = YES;
				GCC_C_LANGUAGE_STANDARD = gnu99;
				GCC_NO_COMMON_BLOCKS = YES;
				GCC_WARN_64_TO_32_BIT_CONVERSION = YES;
				GCC_WARN_ABOUT_RETURN_TYPE = YES_ERROR;
				GCC_WARN_UNDECLARED_SELECTOR = YES;
				GCC_WARN_UNINITIALIZED_AUTOS = YES_AGGRESSIVE;
				GCC_WARN_UNUSED_FUNCTION = YES;
				GCC_WARN_UNUSED_VARIABLE = YES;
				MACOSX_DEPLOYMENT_TARGET = 10.9;
				MTL_ENABLE_DEBUG_INFO = NO;
				SDKROOT = macosx;
			};
			name = Release;
		};
		F867959B1EF5A8D8008FDC1B /* Debug */ = {
			isa = XCBuildConfiguration;
			buildSettings = {
				CODE_SIGN_IDENTITY = "Mac Developer";
				DEVELOPMENT_TEAM = "";
				FRAMEWORK_SEARCH_PATHS = (
					"$(inherited)",
					"$(LOCAL_LIBRARY_DIR)/Frameworks",
				);
				MACOSX_DEPLOYMENT_TARGET = 10.9;
				PRODUCT_NAME = "$(TARGET_NAME)";
				PROVISIONING_PROFILE_SPECIFIER = "";
			};
			name = Debug;
		};
		F867959C1EF5A8D8008FDC1B /* Release */ = {
			isa = XCBuildConfiguration;
			buildSettings = {
				CODE_SIGN_IDENTITY = "Mac Developer";
				DEVELOPMENT_TEAM = "";
				FRAMEWORK_SEARCH_PATHS = (
					"$(inherited)",
					"$(LOCAL_LIBRARY_DIR)/Frameworks",
				);
				MACOSX_DEPLOYMENT_TARGET = 10.9;
				PRODUCT_NAME = "$(TARGET_NAME)";
				PROVISIONING_PROFILE_SPECIFIER = "";
			};
			name = Release;
		};
/* End XCBuildConfiguration section */

/* Begin XCConfigurationList section */
		F867958E1EF5A8D8008FDC1B /* Build configuration list for PBXProject "elctl" */ = {
			isa = XCConfigurationList;
			buildConfigurations = (
				F86795981EF5A8D8008FDC1B /* Debug */,
				F86795991EF5A8D8008FDC1B /* Release */,
			);
			defaultConfigurationIsVisible = 0;
			defaultConfigurationName = Release;
		};
		F867959A1EF5A8D8008FDC1B /* Build configuration list for PBXNativeTarget "elctl" */ = {
			isa = XCConfigurationList;
			buildConfigurations = (
				F867959B1EF5A8D8008FDC1B /* Debug */,
				F867959C1EF5A8D8008FDC1B /* Release */,
			);
			defaultConfigurationIsVisible = 0;
			defaultConfigurationName = Release;
		};
/* End XCConfigurationList section */
	};
	rootObject = F867958B1EF5A8D8008FDC1B /* Project object */;
}
